
Microsoft Visual Studio Solution File, Format Version 12.00
# Visual Studio Version 17
VisualStudioVersion = 17.8.34525.116
MinimumVisualStudioVersion = 10.0.40219.1
Project("{FAE04EC0-301F-11D3-BF4B-00C04F79EFBC}") = "Sage.CA.SBS.ERP.Sage300.CodeGenerationWizard", "..\Sage300CodeGenerationWizard\Sage.CA.SBS.ERP.Sage300.CodeGenerationWizard.csproj", "{4930B6F4-B46A-4F02-98AC-72C54BE7AC6D}"
EndProject
Project("{FAE04EC0-301F-11D3-BF4B-00C04F79EFBC}") = "CodeGenerationTester", "CodeGenerationTester.csproj", "{DA3D6FDE-6E20-40DD-9896-3678D00E900C}"
EndProject
Global
	GlobalSection(SolutionConfigurationPlatforms) = preSolution
		Debug|Any CPU = Debug|Any CPU
		Release|Any CPU = Release|Any CPU
	EndGlobalSection
	GlobalSection(ProjectConfigurationPlatforms) = postSolution
		{4930B6F4-B46A-4F02-98AC-72C54BE7AC6D}.Debug|Any CPU.ActiveCfg = Debug|Any CPU
		{4930B6F4-B46A-4F02-98AC-72C54BE7AC6D}.Debug|Any CPU.Build.0 = Debug|Any CPU
		{4930B6F4-B46A-4F02-98AC-72C54BE7AC6D}.Release|Any CPU.ActiveCfg = Release|Any CPU
		{4930B6F4-B46A-4F02-98AC-72C54BE7AC6D}.Release|Any CPU.Build.0 = Release|Any CPU
		{DA3D6FDE-6E20-40DD-9896-3678D00E900C}.Debug|Any CPU.ActiveCfg = Debug|Any CPU
		{DA3D6FDE-6E20-40DD-9896-3678D00E900C}.Debug|Any CPU.Build.0 = Debug|Any CPU
		{DA3D6FDE-6E20-40DD-9896-3678D00E900C}.Release|Any CPU.ActiveCfg = Release|Any CPU
		{DA3D6FDE-6E20-40DD-9896-3678D00E900C}.Release|Any CPU.Build.0 = Release|Any CPU
	EndGlobalSection
	GlobalSection(SolutionProperties) = preSolution
		HideSolutionNode = FALSE
	EndGlobalSection
	GlobalSection(ExtensibilityGlobals) = postSolution
		SolutionGuid = {F01CE4AC-48A2-449A-B684-2B537D998396}
	EndGlobalSection
EndGlobal
