
Microsoft Visual Studio Solution File, Format Version 12.00
# Visual Studio 15
VisualStudioVersion = 15.0.27130.2010
MinimumVisualStudioVersion = 10.0.40219.1
Project("{FAE04EC0-301F-11D3-BF4B-00C04F79EFBC}") = "Sage300LanguageResourceWizardPackage", "Sage300LanguageResourceWizardPackage.csproj", "{11818B80-5DFB-4B48-BF62-B001BB081858}"
EndProject
Project("{FAE04EC0-301F-11D3-BF4B-00C04F79EFBC}") = "Sage300LanguageResourceWizardMenuExtension", "..\Sage300LanguageResourceWizardMenuExtension\Sage300LanguageResourceWizardMenuExtension.csproj", "{0B06ED0E-C402-48A1-8D09-2A30AB8ED25E}"
EndProject
Project("{FAE04EC0-301F-11D3-BF4B-00C04F79EFBC}") = "Sage300LanguageResourceWizard", "..\Sage300LanguageResourceWizard\Sage300LanguageResourceWizard.csproj", "{4930B6F4-B46A-4F02-98AC-72C54BE7AC6E}"
EndProject
Project("{FAE04EC0-301F-11D3-BF4B-00C04F79EFBC}") = "Sage300LanguageResourceWizardPackageUnitTests", "..\Sage300LanguageResourceWizardPackageUnitTests\Sage300LanguageResourceWizardPackageUnitTests.csproj", "{3E65B2FA-3DAE-416C-9A6F-BF94FB2F04A2}"
EndProject
Global
	GlobalSection(SolutionConfigurationPlatforms) = preSolution
		Debug|Any CPU = Debug|Any CPU
		Release|Any CPU = Release|Any CPU
	EndGlobalSection
	GlobalSection(ProjectConfigurationPlatforms) = postSolution
		{11818B80-5DFB-4B48-BF62-B001BB081858}.Debug|Any CPU.ActiveCfg = Debug|Any CPU
		{11818B80-5DFB-4B48-BF62-B001BB081858}.Debug|Any CPU.Build.0 = Debug|Any CPU
		{11818B80-5DFB-4B48-BF62-B001BB081858}.Release|Any CPU.ActiveCfg = Release|Any CPU
		{11818B80-5DFB-4B48-BF62-B001BB081858}.Release|Any CPU.Build.0 = Release|Any CPU
		{0B06ED0E-C402-48A1-8D09-2A30AB8ED25E}.Debug|Any CPU.ActiveCfg = Debug|Any CPU
		{0B06ED0E-C402-48A1-8D09-2A30AB8ED25E}.Debug|Any CPU.Build.0 = Debug|Any CPU
		{0B06ED0E-C402-48A1-8D09-2A30AB8ED25E}.Release|Any CPU.ActiveCfg = Release|Any CPU
		{0B06ED0E-C402-48A1-8D09-2A30AB8ED25E}.Release|Any CPU.Build.0 = Release|Any CPU
		{4930B6F4-B46A-4F02-98AC-72C54BE7AC6E}.Debug|Any CPU.ActiveCfg = Debug|Any CPU
		{4930B6F4-B46A-4F02-98AC-72C54BE7AC6E}.Debug|Any CPU.Build.0 = Debug|Any CPU
		{4930B6F4-B46A-4F02-98AC-72C54BE7AC6E}.Release|Any CPU.ActiveCfg = Release|Any CPU
		{4930B6F4-B46A-4F02-98AC-72C54BE7AC6E}.Release|Any CPU.Build.0 = Release|Any CPU
		{3E65B2FA-3DAE-416C-9A6F-BF94FB2F04A2}.Debug|Any CPU.ActiveCfg = Debug|Any CPU
		{3E65B2FA-3DAE-416C-9A6F-BF94FB2F04A2}.Debug|Any CPU.Build.0 = Debug|Any CPU
		{3E65B2FA-3DAE-416C-9A6F-BF94FB2F04A2}.Release|Any CPU.ActiveCfg = Release|Any CPU
		{3E65B2FA-3DAE-416C-9A6F-BF94FB2F04A2}.Release|Any CPU.Build.0 = Release|Any CPU
	EndGlobalSection
	GlobalSection(SolutionProperties) = preSolution
		HideSolutionNode = FALSE
	EndGlobalSection
	GlobalSection(ExtensibilityGlobals) = postSolution
		SolutionGuid = {E9937599-9892-433A-9080-B99F539286A4}
	EndGlobalSection
EndGlobal
