
Microsoft Visual Studio Solution File, Format Version 12.00
# Visual Studio 14
VisualStudioVersion = 14.0.25420.1
MinimumVisualStudioVersion = 10.0.40219.1
Project("{52FBAC6A-9012-4DF7-B02B-2115BB34F78D}") = "Sage300SubclassCompilerWizard", "Sage300SubclassCompilerWizard.csproj", "{C5C6D151-AECF-4AAF-A39D-B72974017942}"
EndProject
Global
	GlobalSection(SolutionConfigurationPlatforms) = preSolution
		Debug|Any CPU = Debug|Any CPU
		Release|Any CPU = Release|Any CPU
	EndGlobalSection
	GlobalSection(ProjectConfigurationPlatforms) = postSolution
		{C5C6D151-AECF-4AAF-A39D-B72974017942}.Debug|Any CPU.ActiveCfg = Debug|Any CPU
		{C5C6D151-AECF-4AAF-A39D-B72974017942}.Debug|Any CPU.Build.0 = Debug|Any CPU
		{C5C6D151-AECF-4AAF-A39D-B72974017942}.Release|Any CPU.ActiveCfg = Release|Any CPU
		{C5C6D151-AECF-4AAF-A39D-B72974017942}.Release|Any CPU.Build.0 = Release|Any CPU
	EndGlobalSection
	GlobalSection(SolutionProperties) = preSolution
		HideSolutionNode = FALSE
	EndGlobalSection
EndGlobal
