Microsoft Visual Studio Solution File, Format Version 12.00
# Visual Studio Version 17
VisualStudioVersion = 17.8.34525.116
MinimumVisualStudioVersion = 10.0.40219.1
Project("{FAE04EC0-301F-11D3-BF4B-00C04F79EFBC}") = "Sage.CA.SBS.ERP.Sage300.ProxyTester", "Sage.CA.SBS.ERP.Sage300.ProxyTester.csproj", "{DDB4E147-5DDC-4695-84B3-60343E209E9F}"
EndProject
Global
	GlobalSection(SolutionConfigurationPlatforms) = preSolution
		Debug|Any CPU = Debug|Any CPU
		Release|Any CPU = Release|Any CPU
	EndGlobalSection
	GlobalSection(ProjectConfigurationPlatforms) = postSolution
		{DDB4E147-5DDC-4695-84B3-60343E209E9F}.Debug|Any CPU.ActiveCfg = Debug|Any CPU
		{DDB4E147-5DDC-4695-84B3-60343E209E9F}.Debug|Any CPU.Build.0 = Debug|Any CPU
		{DDB4E147-5DDC-4695-84B3-60343E209E9F}.Release|Any CPU.ActiveCfg = Release|Any CPU
		{DDB4E147-5DDC-4695-84B3-60343E209E9F}.Release|Any CPU.Build.0 = Release|Any CPU
	EndGlobalSection
	GlobalSection(SolutionProperties) = preSolution
		HideSolutionNode = FALSE
	EndGlobalSection
	GlobalSection(ExtensibilityGlobals) = postSolution
		SolutionGuid = {90CD2C73-1CD3-4AC2-B1F9-DEA91D0A8446}
	EndGlobalSection
EndGlobal
