
Microsoft Visual Studio Solution File, Format Version 12.00
# Visual Studio 15
VisualStudioVersion = 15.0.27703.2042
MinimumVisualStudioVersion = 10.0.40219.1
Project("{FAE04EC0-301F-11D3-BF4B-00C04F79EFBC}") = "Sage300InquiryConfigurationGenerator", "Sage300InquiryConfigurationGenerator\Sage300InquiryConfigurationGenerator.csproj", "{D22F89FA-8B9A-4C87-BEEE-BCD531627175}"
EndProject
Global
	GlobalSection(SolutionConfigurationPlatforms) = preSolution
		Debug|Any CPU = Debug|Any CPU
		Release|Any CPU = Release|Any CPU
	EndGlobalSection
	GlobalSection(ProjectConfigurationPlatforms) = postSolution
		{D22F89FA-8B9A-4C87-BEEE-BCD531627175}.Debug|Any CPU.ActiveCfg = Debug|Any CPU
		{D22F89FA-8B9A-4C87-BEEE-BCD531627175}.Debug|Any CPU.Build.0 = Debug|Any CPU
		{D22F89FA-8B9A-4C87-BEEE-BCD531627175}.Release|Any CPU.ActiveCfg = Release|Any CPU
		{D22F89FA-8B9A-4C87-BEEE-BCD531627175}.Release|Any CPU.Build.0 = Release|Any CPU
	EndGlobalSection
	GlobalSection(SolutionProperties) = preSolution
		HideSolutionNode = FALSE
	EndGlobalSection
	GlobalSection(ExtensibilityGlobals) = postSolution
		SolutionGuid = {C01BC6E4-F2EB-4C74-AFD5-5C7A42189C3B}
	EndGlobalSection
EndGlobal
