
Microsoft Visual Studio Solution File, Format Version 12.00
# Visual Studio 14
VisualStudioVersion = 14.0.25420.1
MinimumVisualStudioVersion = 10.0.40219.1
Project("{55ff362c-a447-410c-8436-4b3f21de1c02}") = "Sage300SubclassConfigsWizard", "Sage300SubclassConfigsWizard.csproj", "{28EAD175-9751-40D3-950C-6DA461B1FF74}"
EndProject
Global
	GlobalSection(SolutionConfigurationPlatforms) = preSolution
		Debug|Any CPU = Debug|Any CPU
		Release|Any CPU = Release|Any CPU
	EndGlobalSection
	GlobalSection(ProjectConfigurationPlatforms) = postSolution
		{28EAD175-9751-40D3-950C-6DA461B1FF74}.Debug|Any CPU.ActiveCfg = Debug|Any CPU
		{28EAD175-9751-40D3-950C-6DA461B1FF74}.Debug|Any CPU.Build.0 = Debug|Any CPU
		{28EAD175-9751-40D3-950C-6DA461B1FF74}.Release|Any CPU.ActiveCfg = Release|Any CPU
		{28EAD175-9751-40D3-950C-6DA461B1FF74}.Release|Any CPU.Build.0 = Release|Any CPU
	EndGlobalSection
	GlobalSection(SolutionProperties) = preSolution
		HideSolutionNode = FALSE
	EndGlobalSection
EndGlobal
