
Microsoft Visual Studio Solution File, Format Version 12.00
# Visual Studio 14
VisualStudioVersion = 14.0.25420.1
MinimumVisualStudioVersion = 10.0.40219.1
Project("{FAE04EC0-301F-11D3-BF4B-00C04F79EFBC}") = "Sage300UICustomizationSolution", "..\Sage300UICustomizationSolution\Sage300UICustomizationSolution.csproj", "{F0D7F68F-03D6-459B-9C03-84C2D9DF033A}"
EndProject
Project("{FAE04EC0-301F-11D3-BF4B-00C04F79EFBC}") = "Sage300UICustomizationWizard", "Sage300UICustomizationWizard.csproj", "{8D88ACF2-8926-4B8F-A56C-1B87158CBBC2}"
EndProject
Global
	GlobalSection(SolutionConfigurationPlatforms) = preSolution
		Debug|Any CPU = Debug|Any CPU
		Release|Any CPU = Release|Any CPU
	EndGlobalSection
	GlobalSection(ProjectConfigurationPlatforms) = postSolution
		{F0D7F68F-03D6-459B-9C03-84C2D9DF033A}.Debug|Any CPU.ActiveCfg = Debug|Any CPU
		{F0D7F68F-03D6-459B-9C03-84C2D9DF033A}.Debug|Any CPU.Build.0 = Debug|Any CPU
		{F0D7F68F-03D6-459B-9C03-84C2D9DF033A}.Release|Any CPU.ActiveCfg = Release|Any CPU
		{F0D7F68F-03D6-459B-9C03-84C2D9DF033A}.Release|Any CPU.Build.0 = Release|Any CPU
		{8D88ACF2-8926-4B8F-A56C-1B87158CBBC2}.Debug|Any CPU.ActiveCfg = Debug|Any CPU
		{8D88ACF2-8926-4B8F-A56C-1B87158CBBC2}.Debug|Any CPU.Build.0 = Debug|Any CPU
		{8D88ACF2-8926-4B8F-A56C-1B87158CBBC2}.Release|Any CPU.ActiveCfg = Release|Any CPU
		{8D88ACF2-8926-4B8F-A56C-1B87158CBBC2}.Release|Any CPU.Build.0 = Release|Any CPU
	EndGlobalSection
	GlobalSection(SolutionProperties) = preSolution
		HideSolutionNode = FALSE
	EndGlobalSection
EndGlobal
