
Microsoft Visual Studio Solution File, Format Version 12.00
# Visual Studio 15
VisualStudioVersion = 15.0.27428.2043
MinimumVisualStudioVersion = 10.0.40219.1
Project("{FAE04EC0-301F-11D3-BF4B-00C04F79EFBC}") = "Sage300UIWizardPackage", "Sage300UIWizardPackage.csproj", "{11818B80-5DFB-4B48-BF62-B001BB081857}"
EndProject
Project("{FAE04EC0-301F-11D3-BF4B-00C04F79EFBC}") = "Sage300MenuExtension", "..\Sage300MenuExtension\Sage300MenuExtension.csproj", "{0B06ED0E-C402-48A1-8D09-2A30AB8ED25F}"
EndProject
Project("{FAE04EC0-301F-11D3-BF4B-00C04F79EFBC}") = "CodeGenerationWizard", "..\CodeGenerationWizard\CodeGenerationWizard.csproj", "{4930B6F4-B46A-4F02-98AC-72C54BE7AC6D}"
EndProject
Project("{FAE04EC0-301F-11D3-BF4B-00C04F79EFBC}") = "Sage.CA.SBS.ERP.Sage300.SolutionWizard", "..\Sage300SolutionWizard\Sage.CA.SBS.ERP.Sage300.SolutionWizard.csproj", "{8D88ACF2-8926-4B8F-A56C-1B87158CBBC2}"
EndProject
Project("{FAE04EC0-301F-11D3-BF4B-00C04F79EFBC}") = "Sage300UIWizardUnitTests", "..\Sage300UIWizardUnitTests\Sage300UIWizardUnitTests.csproj", "{0EB51C22-D1D5-47D7-BE8D-57D4391082C0}"
EndProject
Project("{FAE04EC0-301F-11D3-BF4B-00C04F79EFBC}") = "Launcher", "..\Launcher\Launcher.csproj", "{2CA96FAB-9982-495F-BB98-F1061AA37ED2}"
EndProject
Global
	GlobalSection(SolutionConfigurationPlatforms) = preSolution
		Debug|Any CPU = Debug|Any CPU
		Release|Any CPU = Release|Any CPU
	EndGlobalSection
	GlobalSection(ProjectConfigurationPlatforms) = postSolution
		{11818B80-5DFB-4B48-BF62-B001BB081857}.Debug|Any CPU.ActiveCfg = Debug|Any CPU
		{11818B80-5DFB-4B48-BF62-B001BB081857}.Debug|Any CPU.Build.0 = Debug|Any CPU
		{11818B80-5DFB-4B48-BF62-B001BB081857}.Release|Any CPU.ActiveCfg = Release|Any CPU
		{11818B80-5DFB-4B48-BF62-B001BB081857}.Release|Any CPU.Build.0 = Release|Any CPU
		{0B06ED0E-C402-48A1-8D09-2A30AB8ED25F}.Debug|Any CPU.ActiveCfg = Debug|Any CPU
		{0B06ED0E-C402-48A1-8D09-2A30AB8ED25F}.Debug|Any CPU.Build.0 = Debug|Any CPU
		{0B06ED0E-C402-48A1-8D09-2A30AB8ED25F}.Release|Any CPU.ActiveCfg = Release|Any CPU
		{0B06ED0E-C402-48A1-8D09-2A30AB8ED25F}.Release|Any CPU.Build.0 = Release|Any CPU
		{4930B6F4-B46A-4F02-98AC-72C54BE7AC6D}.Debug|Any CPU.ActiveCfg = Debug|Any CPU
		{4930B6F4-B46A-4F02-98AC-72C54BE7AC6D}.Debug|Any CPU.Build.0 = Debug|Any CPU
		{4930B6F4-B46A-4F02-98AC-72C54BE7AC6D}.Release|Any CPU.ActiveCfg = Release|Any CPU
		{4930B6F4-B46A-4F02-98AC-72C54BE7AC6D}.Release|Any CPU.Build.0 = Release|Any CPU
		{8D88ACF2-8926-4B8F-A56C-1B87158CBBC2}.Debug|Any CPU.ActiveCfg = Debug|Any CPU
		{8D88ACF2-8926-4B8F-A56C-1B87158CBBC2}.Debug|Any CPU.Build.0 = Debug|Any CPU
		{8D88ACF2-8926-4B8F-A56C-1B87158CBBC2}.Release|Any CPU.ActiveCfg = Release|Any CPU
		{8D88ACF2-8926-4B8F-A56C-1B87158CBBC2}.Release|Any CPU.Build.0 = Release|Any CPU
		{0EB51C22-D1D5-47D7-BE8D-57D4391082C0}.Debug|Any CPU.ActiveCfg = Debug|Any CPU
		{0EB51C22-D1D5-47D7-BE8D-57D4391082C0}.Debug|Any CPU.Build.0 = Debug|Any CPU
		{0EB51C22-D1D5-47D7-BE8D-57D4391082C0}.Release|Any CPU.ActiveCfg = Release|Any CPU
		{0EB51C22-D1D5-47D7-BE8D-57D4391082C0}.Release|Any CPU.Build.0 = Release|Any CPU
		{2CA96FAB-9982-495F-BB98-F1061AA37ED2}.Debug|Any CPU.ActiveCfg = Debug|Any CPU
		{2CA96FAB-9982-495F-BB98-F1061AA37ED2}.Debug|Any CPU.Build.0 = Debug|Any CPU
		{2CA96FAB-9982-495F-BB98-F1061AA37ED2}.Release|Any CPU.ActiveCfg = Release|Any CPU
		{2CA96FAB-9982-495F-BB98-F1061AA37ED2}.Release|Any CPU.Build.0 = Release|Any CPU
	EndGlobalSection
	GlobalSection(SolutionProperties) = preSolution
		HideSolutionNode = FALSE
	EndGlobalSection
	GlobalSection(ExtensibilityGlobals) = postSolution
		SolutionGuid = {9139FF8D-C8F8-4467-B894-DFB9F212C5B3}
	EndGlobalSection
EndGlobal
