
Microsoft Visual Studio Solution File, Format Version 12.00
# Visual Studio 14
VisualStudioVersion = 14.0.25420.1
MinimumVisualStudioVersion = 10.0.40219.1
Project("{EBBF6C95-05F9-4396-A5CD-6984C4D2102D}") = "Sage300SubclassPrep", "Sage300SubclassPrep.csproj", "{B5349A45-6020-43E2-B840-AE4DBE3E51D4}"
EndProject
Global
	GlobalSection(SolutionConfigurationPlatforms) = preSolution
		Debug|Any CPU = Debug|Any CPU
		Release|Any CPU = Release|Any CPU
	EndGlobalSection
	GlobalSection(ProjectConfigurationPlatforms) = postSolution
		{B5349A45-6020-43E2-B840-AE4DBE3E51D4}.Debug|Any CPU.ActiveCfg = Debug|Any CPU
		{B5349A45-6020-43E2-B840-AE4DBE3E51D4}.Debug|Any CPU.Build.0 = Debug|Any CPU
		{B5349A45-6020-43E2-B840-AE4DBE3E51D4}.Release|Any CPU.ActiveCfg = Release|Any CPU
		{B5349A45-6020-43E2-B840-AE4DBE3E51D4}.Release|Any CPU.Build.0 = Release|Any CPU
	EndGlobalSection
	GlobalSection(SolutionProperties) = preSolution
		HideSolutionNode = FALSE
	EndGlobalSection
EndGlobal
