
Microsoft Visual Studio Solution File, Format Version 12.00
# Visual Studio 2013
VisualStudioVersion = 12.0.31101.0
MinimumVisualStudioVersion = 10.0.40219.1
Project("{FAE04EC0-301F-11D3-BF4B-00C04F79EFBC}") = "MergeISVProject", "MergeISVProject\MergeISVProject.csproj", "{03089CCD-1502-4E8B-8039-A53F0BC52E30}"
EndProject
Global
	GlobalSection(SolutionConfigurationPlatforms) = preSolution
		Debug|Any CPU = Debug|Any CPU
		Release|Any CPU = Release|Any CPU
	EndGlobalSection
	GlobalSection(ProjectConfigurationPlatforms) = postSolution
		{03089CCD-1502-4E8B-8039-A53F0BC52E30}.Debug|Any CPU.ActiveCfg = Debug|Any CPU
		{03089CCD-1502-4E8B-8039-A53F0BC52E30}.Debug|Any CPU.Build.0 = Debug|Any CPU
		{03089CCD-1502-4E8B-8039-A53F0BC52E30}.Release|Any CPU.ActiveCfg = Release|Any CPU
		{03089CCD-1502-4E8B-8039-A53F0BC52E30}.Release|Any CPU.Build.0 = Release|Any CPU
	EndGlobalSection
	GlobalSection(SolutionProperties) = preSolution
		HideSolutionNode = FALSE
	EndGlobalSection
EndGlobal
