
Microsoft Visual Studio Solution File, Format Version 12.00
# Visual Studio 2013
VisualStudioVersion = 12.0.31101.0
MinimumVisualStudioVersion = 10.0.40219.1
Project("{FAE04EC0-301F-11D3-BF4B-00C04F79EFBC}") = "CodeGenerationWizard", "..\..\Tools\CodeGenerationWizard\CodeGenerationWizard.csproj", "{4930B6F4-B46A-4F02-98AC-72C54BE7AC6D}"
EndProject
Project("{FAE04EC0-301F-11D3-BF4B-00C04F79EFBC}") = "Sage300MenuExtension", "Sage300MenuExtension.csproj", "{0B06ED0E-C402-48A1-8D09-2A30AB8ED25F}"
EndProject
Global
	GlobalSection(SolutionConfigurationPlatforms) = preSolution
		Debug|Any CPU = Debug|Any CPU
		Release|Any CPU = Release|Any CPU
	EndGlobalSection
	GlobalSection(ProjectConfigurationPlatforms) = postSolution
		{4930B6F4-B46A-4F02-98AC-72C54BE7AC6D}.Debug|Any CPU.ActiveCfg = Debug|Any CPU
		{4930B6F4-B46A-4F02-98AC-72C54BE7AC6D}.Debug|Any CPU.Build.0 = Debug|Any CPU
		{4930B6F4-B46A-4F02-98AC-72C54BE7AC6D}.Release|Any CPU.ActiveCfg = Release|Any CPU
		{4930B6F4-B46A-4F02-98AC-72C54BE7AC6D}.Release|Any CPU.Build.0 = Release|Any CPU
		{0B06ED0E-C402-48A1-8D09-2A30AB8ED25F}.Debug|Any CPU.ActiveCfg = Debug|Any CPU
		{0B06ED0E-C402-48A1-8D09-2A30AB8ED25F}.Debug|Any CPU.Build.0 = Debug|Any CPU
		{0B06ED0E-C402-48A1-8D09-2A30AB8ED25F}.Release|Any CPU.ActiveCfg = Release|Any CPU
		{0B06ED0E-C402-48A1-8D09-2A30AB8ED25F}.Release|Any CPU.Build.0 = Release|Any CPU
	EndGlobalSection
	GlobalSection(SolutionProperties) = preSolution
		HideSolutionNode = FALSE
	EndGlobalSection
EndGlobal
